
Microsoft Visual Studio Solution File, Format Version 12.00
# Visual Studio Version 17
VisualStudioVersion = 17.7.34202.233
MinimumVisualStudioVersion = 10.0.40219.1
Project("{FAE04EC0-301F-11D3-BF4B-00C04F79EFBC}") = "Doga1024", "Doga1024\Doga1024.csproj", "{679BB21C-20EA-4210-846F-E0F1B0E635FE}"
EndProject
Global
	GlobalSection(SolutionConfigurationPlatforms) = preSolution
		Debug|Any CPU = Debug|Any CPU
		Release|Any CPU = Release|Any CPU
	EndGlobalSection
	GlobalSection(ProjectConfigurationPlatforms) = postSolution
		{679BB21C-20EA-4210-846F-E0F1B0E635FE}.Debug|Any CPU.ActiveCfg = Debug|Any CPU
		{679BB21C-20EA-4210-846F-E0F1B0E635FE}.Debug|Any CPU.Build.0 = Debug|Any CPU
		{679BB21C-20EA-4210-846F-E0F1B0E635FE}.Release|Any CPU.ActiveCfg = Release|Any CPU
		{679BB21C-20EA-4210-846F-E0F1B0E635FE}.Release|Any CPU.Build.0 = Release|Any CPU
	EndGlobalSection
	GlobalSection(SolutionProperties) = preSolution
		HideSolutionNode = FALSE
	EndGlobalSection
	GlobalSection(ExtensibilityGlobals) = postSolution
		SolutionGuid = {AC187994-28CA-4E1C-A63A-FD729B750B36}
	EndGlobalSection
EndGlobal
